
Microsoft Visual Studio Solution File, Format Version 12.00
# Visual Studio Version 17
VisualStudioVersion = 17.0.31903.59
MinimumVisualStudioVersion = 10.0.40219.1
Project("{2150E333-8FDC-42A3-9474-1A3956D46DE8}") = "src", "src", "{827E0CD3-B72D-47B6-A68D-7590B98EB39B}"
EndProject
Project("{FAE04EC0-301F-11D3-BF4B-00C04F79EFBC}") = "Arabica.Domain", "src\Arabica.Domain\Arabica.Domain.csproj", "{2F41433E-E3EF-4B5A-A863-51D7316B4FA3}"
EndProject
Project("{FAE04EC0-301F-11D3-BF4B-00C04F79EFBC}") = "Arabica.Contracts", "src\Arabica.Contracts\Arabica.Contracts.csproj", "{CDA628A9-2EE1-4332-8BCC-3E52E33A3378}"
EndProject
Project("{FAE04EC0-301F-11D3-BF4B-00C04F79EFBC}") = "Arabica.Domain.Tests", "tests\Arabica.Domain.Tests\Arabica.Domain.Tests.csproj", "{2CE5B1ED-D5F9-4440-AE43-6029C5DC9A2F}"
EndProject
Project("{FAE04EC0-301F-11D3-BF4B-00C04F79EFBC}") = "Arabica.Application", "src\Arabica.Application\Arabica.Application.csproj", "{447060CA-8A33-4EA7-8B6D-B504B17DBC05}"
EndProject
Project("{FAE04EC0-301F-11D3-BF4B-00C04F79EFBC}") = "Arabica.Infrastructure", "src\Arabica.Infrastructure\Arabica.Infrastructure.csproj", "{891CA254-A039-4ED4-9AB1-DB6106A708FB}"
EndProject
Project("{2150E333-8FDC-42A3-9474-1A3956D46DE8}") = "tests", "tests", "{0AB3BF05-4346-4AA6-1389-037BE0695223}"
EndProject
Project("{FAE04EC0-301F-11D3-BF4B-00C04F79EFBC}") = "Arabica.Application.Tests", "tests\Arabica.Application.Tests\Arabica.Application.Tests.csproj", "{8377DBE8-125E-4AEA-A0FA-805705BD7F96}"
EndProject
Project("{FAE04EC0-301F-11D3-BF4B-00C04F79EFBC}") = "Arabica.Integration.Tests", "tests\Arabica.Integration.Tests\Arabica.Integration.Tests.csproj", "{969F77D3-0345-464B-B690-CB72674E3EBB}"
EndProject
Project("{FAE04EC0-301F-11D3-BF4B-00C04F79EFBC}") = "Arabica.Api", "src\Arabica.Api\Arabica.Api.csproj", "{E7CF5CBC-B04B-4DF5-9A5A-577F5B150FB1}"
EndProject
Project("{FAE04EC0-301F-11D3-BF4B-00C04F79EFBC}") = "Arabica.Api.Tests", "tests\Arabica.Api.Tests\Arabica.Api.Tests.csproj", "{7AC7A635-FA24-45D2-8CF9-DB6B782EB4ED}"
EndProject
Global
	GlobalSection(SolutionConfigurationPlatforms) = preSolution
		Debug|Any CPU = Debug|Any CPU
		Debug|x64 = Debug|x64
		Debug|x86 = Debug|x86
		Release|Any CPU = Release|Any CPU
		Release|x64 = Release|x64
		Release|x86 = Release|x86
	EndGlobalSection
	GlobalSection(ProjectConfigurationPlatforms) = postSolution
		{2F41433E-E3EF-4B5A-A863-51D7316B4FA3}.Debug|Any CPU.ActiveCfg = Debug|Any CPU
		{2F41433E-E3EF-4B5A-A863-51D7316B4FA3}.Debug|Any CPU.Build.0 = Debug|Any CPU
		{2F41433E-E3EF-4B5A-A863-51D7316B4FA3}.Debug|x64.ActiveCfg = Debug|Any CPU
		{2F41433E-E3EF-4B5A-A863-51D7316B4FA3}.Debug|x64.Build.0 = Debug|Any CPU
		{2F41433E-E3EF-4B5A-A863-51D7316B4FA3}.Debug|x86.ActiveCfg = Debug|Any CPU
		{2F41433E-E3EF-4B5A-A863-51D7316B4FA3}.Debug|x86.Build.0 = Debug|Any CPU
		{2F41433E-E3EF-4B5A-A863-51D7316B4FA3}.Release|Any CPU.ActiveCfg = Release|Any CPU
		{2F41433E-E3EF-4B5A-A863-51D7316B4FA3}.Release|Any CPU.Build.0 = Release|Any CPU
		{2F41433E-E3EF-4B5A-A863-51D7316B4FA3}.Release|x64.ActiveCfg = Release|Any CPU
		{2F41433E-E3EF-4B5A-A863-51D7316B4FA3}.Release|x64.Build.0 = Release|Any CPU
		{2F41433E-E3EF-4B5A-A863-51D7316B4FA3}.Release|x86.ActiveCfg = Release|Any CPU
		{2F41433E-E3EF-4B5A-A863-51D7316B4FA3}.Release|x86.Build.0 = Release|Any CPU
		{CDA628A9-2EE1-4332-8BCC-3E52E33A3378}.Debug|Any CPU.ActiveCfg = Debug|Any CPU
		{CDA628A9-2EE1-4332-8BCC-3E52E33A3378}.Debug|Any CPU.Build.0 = Debug|Any CPU
		{CDA628A9-2EE1-4332-8BCC-3E52E33A3378}.Debug|x64.ActiveCfg = Debug|Any CPU
		{CDA628A9-2EE1-4332-8BCC-3E52E33A3378}.Debug|x64.Build.0 = Debug|Any CPU
		{CDA628A9-2EE1-4332-8BCC-3E52E33A3378}.Debug|x86.ActiveCfg = Debug|Any CPU
		{CDA628A9-2EE1-4332-8BCC-3E52E33A3378}.Debug|x86.Build.0 = Debug|Any CPU
		{CDA628A9-2EE1-4332-8BCC-3E52E33A3378}.Release|Any CPU.ActiveCfg = Release|Any CPU
		{CDA628A9-2EE1-4332-8BCC-3E52E33A3378}.Release|Any CPU.Build.0 = Release|Any CPU
		{CDA628A9-2EE1-4332-8BCC-3E52E33A3378}.Release|x64.ActiveCfg = Release|Any CPU
		{CDA628A9-2EE1-4332-8BCC-3E52E33A3378}.Release|x64.Build.0 = Release|Any CPU
		{CDA628A9-2EE1-4332-8BCC-3E52E33A3378}.Release|x86.ActiveCfg = Release|Any CPU
		{CDA628A9-2EE1-4332-8BCC-3E52E33A3378}.Release|x86.Build.0 = Release|Any CPU
		{2CE5B1ED-D5F9-4440-AE43-6029C5DC9A2F}.Debug|Any CPU.ActiveCfg = Debug|Any CPU
		{2CE5B1ED-D5F9-4440-AE43-6029C5DC9A2F}.Debug|Any CPU.Build.0 = Debug|Any CPU
		{2CE5B1ED-D5F9-4440-AE43-6029C5DC9A2F}.Debug|x64.ActiveCfg = Debug|Any CPU
		{2CE5B1ED-D5F9-4440-AE43-6029C5DC9A2F}.Debug|x64.Build.0 = Debug|Any CPU
		{2CE5B1ED-D5F9-4440-AE43-6029C5DC9A2F}.Debug|x86.ActiveCfg = Debug|Any CPU
		{2CE5B1ED-D5F9-4440-AE43-6029C5DC9A2F}.Debug|x86.Build.0 = Debug|Any CPU
		{2CE5B1ED-D5F9-4440-AE43-6029C5DC9A2F}.Release|Any CPU.ActiveCfg = Release|Any CPU
		{2CE5B1ED-D5F9-4440-AE43-6029C5DC9A2F}.Release|Any CPU.Build.0 = Release|Any CPU
		{2CE5B1ED-D5F9-4440-AE43-6029C5DC9A2F}.Release|x64.ActiveCfg = Release|Any CPU
		{2CE5B1ED-D5F9-4440-AE43-6029C5DC9A2F}.Release|x64.Build.0 = Release|Any CPU
		{2CE5B1ED-D5F9-4440-AE43-6029C5DC9A2F}.Release|x86.ActiveCfg = Release|Any CPU
		{2CE5B1ED-D5F9-4440-AE43-6029C5DC9A2F}.Release|x86.Build.0 = Release|Any CPU
		{447060CA-8A33-4EA7-8B6D-B504B17DBC05}.Debug|Any CPU.ActiveCfg = Debug|Any CPU
		{447060CA-8A33-4EA7-8B6D-B504B17DBC05}.Debug|Any CPU.Build.0 = Debug|Any CPU
		{447060CA-8A33-4EA7-8B6D-B504B17DBC05}.Debug|x64.ActiveCfg = Debug|Any CPU
		{447060CA-8A33-4EA7-8B6D-B504B17DBC05}.Debug|x64.Build.0 = Debug|Any CPU
		{447060CA-8A33-4EA7-8B6D-B504B17DBC05}.Debug|x86.ActiveCfg = Debug|Any CPU
		{447060CA-8A33-4EA7-8B6D-B504B17DBC05}.Debug|x86.Build.0 = Debug|Any CPU
		{447060CA-8A33-4EA7-8B6D-B504B17DBC05}.Release|Any CPU.ActiveCfg = Release|Any CPU
		{447060CA-8A33-4EA7-8B6D-B504B17DBC05}.Release|Any CPU.Build.0 = Release|Any CPU
		{447060CA-8A33-4EA7-8B6D-B504B17DBC05}.Release|x64.ActiveCfg = Release|Any CPU
		{447060CA-8A33-4EA7-8B6D-B504B17DBC05}.Release|x64.Build.0 = Release|Any CPU
		{447060CA-8A33-4EA7-8B6D-B504B17DBC05}.Release|x86.ActiveCfg = Release|Any CPU
		{447060CA-8A33-4EA7-8B6D-B504B17DBC05}.Release|x86.Build.0 = Release|Any CPU
		{891CA254-A039-4ED4-9AB1-DB6106A708FB}.Debug|Any CPU.ActiveCfg = Debug|Any CPU
		{891CA254-A039-4ED4-9AB1-DB6106A708FB}.Debug|Any CPU.Build.0 = Debug|Any CPU
		{891CA254-A039-4ED4-9AB1-DB6106A708FB}.Debug|x64.ActiveCfg = Debug|Any CPU
		{891CA254-A039-4ED4-9AB1-DB6106A708FB}.Debug|x64.Build.0 = Debug|Any CPU
		{891CA254-A039-4ED4-9AB1-DB6106A708FB}.Debug|x86.ActiveCfg = Debug|Any CPU
		{891CA254-A039-4ED4-9AB1-DB6106A708FB}.Debug|x86.Build.0 = Debug|Any CPU
		{891CA254-A039-4ED4-9AB1-DB6106A708FB}.Release|Any CPU.ActiveCfg = Release|Any CPU
		{891CA254-A039-4ED4-9AB1-DB6106A708FB}.Release|Any CPU.Build.0 = Release|Any CPU
		{891CA254-A039-4ED4-9AB1-DB6106A708FB}.Release|x64.ActiveCfg = Release|Any CPU
		{891CA254-A039-4ED4-9AB1-DB6106A708FB}.Release|x64.Build.0 = Release|Any CPU
		{891CA254-A039-4ED4-9AB1-DB6106A708FB}.Release|x86.ActiveCfg = Release|Any CPU
		{891CA254-A039-4ED4-9AB1-DB6106A708FB}.Release|x86.Build.0 = Release|Any CPU
		{8377DBE8-125E-4AEA-A0FA-805705BD7F96}.Debug|Any CPU.ActiveCfg = Debug|Any CPU
		{8377DBE8-125E-4AEA-A0FA-805705BD7F96}.Debug|Any CPU.Build.0 = Debug|Any CPU
		{8377DBE8-125E-4AEA-A0FA-805705BD7F96}.Debug|x64.ActiveCfg = Debug|Any CPU
		{8377DBE8-125E-4AEA-A0FA-805705BD7F96}.Debug|x64.Build.0 = Debug|Any CPU
		{8377DBE8-125E-4AEA-A0FA-805705BD7F96}.Debug|x86.ActiveCfg = Debug|Any CPU
		{8377DBE8-125E-4AEA-A0FA-805705BD7F96}.Debug|x86.Build.0 = Debug|Any CPU
		{8377DBE8-125E-4AEA-A0FA-805705BD7F96}.Release|Any CPU.ActiveCfg = Release|Any CPU
		{8377DBE8-125E-4AEA-A0FA-805705BD7F96}.Release|Any CPU.Build.0 = Release|Any CPU
		{8377DBE8-125E-4AEA-A0FA-805705BD7F96}.Release|x64.ActiveCfg = Release|Any CPU
		{8377DBE8-125E-4AEA-A0FA-805705BD7F96}.Release|x64.Build.0 = Release|Any CPU
		{8377DBE8-125E-4AEA-A0FA-805705BD7F96}.Release|x86.ActiveCfg = Release|Any CPU
		{8377DBE8-125E-4AEA-A0FA-805705BD7F96}.Release|x86.Build.0 = Release|Any CPU
		{969F77D3-0345-464B-B690-CB72674E3EBB}.Debug|Any CPU.ActiveCfg = Debug|Any CPU
		{969F77D3-0345-464B-B690-CB72674E3EBB}.Debug|Any CPU.Build.0 = Debug|Any CPU
		{969F77D3-0345-464B-B690-CB72674E3EBB}.Debug|x64.ActiveCfg = Debug|Any CPU
		{969F77D3-0345-464B-B690-CB72674E3EBB}.Debug|x64.Build.0 = Debug|Any CPU
		{969F77D3-0345-464B-B690-CB72674E3EBB}.Debug|x86.ActiveCfg = Debug|Any CPU
		{969F77D3-0345-464B-B690-CB72674E3EBB}.Debug|x86.Build.0 = Debug|Any CPU
		{969F77D3-0345-464B-B690-CB72674E3EBB}.Release|Any CPU.ActiveCfg = Release|Any CPU
		{969F77D3-0345-464B-B690-CB72674E3EBB}.Release|Any CPU.Build.0 = Release|Any CPU
		{969F77D3-0345-464B-B690-CB72674E3EBB}.Release|x64.ActiveCfg = Release|Any CPU
		{969F77D3-0345-464B-B690-CB72674E3EBB}.Release|x64.Build.0 = Release|Any CPU
		{969F77D3-0345-464B-B690-CB72674E3EBB}.Release|x86.ActiveCfg = Release|Any CPU
		{969F77D3-0345-464B-B690-CB72674E3EBB}.Release|x86.Build.0 = Release|Any CPU
		{E7CF5CBC-B04B-4DF5-9A5A-577F5B150FB1}.Debug|Any CPU.ActiveCfg = Debug|Any CPU
		{E7CF5CBC-B04B-4DF5-9A5A-577F5B150FB1}.Debug|Any CPU.Build.0 = Debug|Any CPU
		{E7CF5CBC-B04B-4DF5-9A5A-577F5B150FB1}.Debug|x64.ActiveCfg = Debug|Any CPU
		{E7CF5CBC-B04B-4DF5-9A5A-577F5B150FB1}.Debug|x64.Build.0 = Debug|Any CPU
		{E7CF5CBC-B04B-4DF5-9A5A-577F5B150FB1}.Debug|x86.ActiveCfg = Debug|Any CPU
		{E7CF5CBC-B04B-4DF5-9A5A-577F5B150FB1}.Debug|x86.Build.0 = Debug|Any CPU
		{E7CF5CBC-B04B-4DF5-9A5A-577F5B150FB1}.Release|Any CPU.ActiveCfg = Release|Any CPU
		{E7CF5CBC-B04B-4DF5-9A5A-577F5B150FB1}.Release|Any CPU.Build.0 = Release|Any CPU
		{E7CF5CBC-B04B-4DF5-9A5A-577F5B150FB1}.Release|x64.ActiveCfg = Release|Any CPU
		{E7CF5CBC-B04B-4DF5-9A5A-577F5B150FB1}.Release|x64.Build.0 = Release|Any CPU
		{E7CF5CBC-B04B-4DF5-9A5A-577F5B150FB1}.Release|x86.ActiveCfg = Release|Any CPU
		{E7CF5CBC-B04B-4DF5-9A5A-577F5B150FB1}.Release|x86.Build.0 = Release|Any CPU
		{7AC7A635-FA24-45D2-8CF9-DB6B782EB4ED}.Debug|Any CPU.ActiveCfg = Debug|Any CPU
		{7AC7A635-FA24-45D2-8CF9-DB6B782EB4ED}.Debug|Any CPU.Build.0 = Debug|Any CPU
		{7AC7A635-FA24-45D2-8CF9-DB6B782EB4ED}.Debug|x64.ActiveCfg = Debug|Any CPU
		{7AC7A635-FA24-45D2-8CF9-DB6B782EB4ED}.Debug|x64.Build.0 = Debug|Any CPU
		{7AC7A635-FA24-45D2-8CF9-DB6B782EB4ED}.Debug|x86.ActiveCfg = Debug|Any CPU
		{7AC7A635-FA24-45D2-8CF9-DB6B782EB4ED}.Debug|x86.Build.0 = Debug|Any CPU
		{7AC7A635-FA24-45D2-8CF9-DB6B782EB4ED}.Release|Any CPU.ActiveCfg = Release|Any CPU
		{7AC7A635-FA24-45D2-8CF9-DB6B782EB4ED}.Release|Any CPU.Build.0 = Release|Any CPU
		{7AC7A635-FA24-45D2-8CF9-DB6B782EB4ED}.Release|x64.ActiveCfg = Release|Any CPU
		{7AC7A635-FA24-45D2-8CF9-DB6B782EB4ED}.Release|x64.Build.0 = Release|Any CPU
		{7AC7A635-FA24-45D2-8CF9-DB6B782EB4ED}.Release|x86.ActiveCfg = Release|Any CPU
		{7AC7A635-FA24-45D2-8CF9-DB6B782EB4ED}.Release|x86.Build.0 = Release|Any CPU
	EndGlobalSection
	GlobalSection(SolutionProperties) = preSolution
		HideSolutionNode = FALSE
	EndGlobalSection
	GlobalSection(NestedProjects) = preSolution
		{2F41433E-E3EF-4B5A-A863-51D7316B4FA3} = {827E0CD3-B72D-47B6-A68D-7590B98EB39B}
		{CDA628A9-2EE1-4332-8BCC-3E52E33A3378} = {827E0CD3-B72D-47B6-A68D-7590B98EB39B}
		{2CE5B1ED-D5F9-4440-AE43-6029C5DC9A2F} = {827E0CD3-B72D-47B6-A68D-7590B98EB39B}
		{447060CA-8A33-4EA7-8B6D-B504B17DBC05} = {827E0CD3-B72D-47B6-A68D-7590B98EB39B}
		{891CA254-A039-4ED4-9AB1-DB6106A708FB} = {827E0CD3-B72D-47B6-A68D-7590B98EB39B}
		{8377DBE8-125E-4AEA-A0FA-805705BD7F96} = {0AB3BF05-4346-4AA6-1389-037BE0695223}
		{969F77D3-0345-464B-B690-CB72674E3EBB} = {0AB3BF05-4346-4AA6-1389-037BE0695223}
		{E7CF5CBC-B04B-4DF5-9A5A-577F5B150FB1} = {827E0CD3-B72D-47B6-A68D-7590B98EB39B}
		{7AC7A635-FA24-45D2-8CF9-DB6B782EB4ED} = {0AB3BF05-4346-4AA6-1389-037BE0695223}
	EndGlobalSection
EndGlobal
